langcode: en
status: true
dependencies:
  config:
    - block_content.type.contact_us
    - field.storage.block_content.field_email_address_block
id: block_content.contact_us.field_email_address_block
field_name: field_email_address_block
entity_type: block_content
bundle: contact_us
label: Email
description: ''
required: false
translatable: false
default_value: {  }
default_value_callback: ''
settings: {  }
field_type: email
